{
    "compile": {
        "com.google.api.grpc:proto-google-common-protos": {
            "locked": "1.0.0",
            "transitive": [
                "io.grpc:grpc-protobuf"
            ]
        },
        "com.google.code.findbugs:jsr305": {
            "locked": "3.0.0",
            "transitive": [
                "io.grpc:grpc-core"
            ]
        },
        "com.google.code.gson:gson": {
            "locked": "2.7",
            "transitive": [
                "com.google.protobuf:protobuf-java-util",
                "io.grpc:grpc-core"
            ]
        },
        "com.google.errorprone:error_prone_annotations": {
            "locked": "2.1.2",
            "transitive": [
                "io.grpc:grpc-core"
            ]
        },
        "com.google.guava:guava": {
            "locked": "19.0",
            "transitive": [
                "com.google.protobuf:protobuf-java-util",
                "io.grpc:grpc-core",
                "io.grpc:grpc-protobuf",
                "io.grpc:grpc-protobuf-lite",
                "io.opencensus:opencensus-api"
            ]
        },
        "com.google.protobuf:protobuf-java": {
            "locked": "3.5.1",
            "requested": "3.5.+",
            "transitive": [
                "com.google.protobuf:protobuf-java-util",
                "io.grpc:grpc-protobuf"
            ]
        },
        "com.google.protobuf:protobuf-java-util": {
            "locked": "3.5.1",
            "transitive": [
                "io.grpc:grpc-protobuf"
            ]
        },
        "io.grpc:grpc-context": {
            "locked": "1.10.1",
            "transitive": [
                "io.grpc:grpc-core"
            ]
        },
        "io.grpc:grpc-core": {
            "locked": "1.10.1",
            "transitive": [
                "io.grpc:grpc-protobuf",
                "io.grpc:grpc-protobuf-lite",
                "io.grpc:grpc-stub"
            ]
        },
        "io.grpc:grpc-protobuf": {
            "locked": "1.10.1",
            "requested": "1.10.+"
        },
        "io.grpc:grpc-protobuf-lite": {
            "locked": "1.10.1",
            "transitive": [
                "io.grpc:grpc-protobuf"
            ]
        },
        "io.grpc:grpc-stub": {
            "locked": "1.10.1",
            "requested": "1.10.+"
        },
        "io.opencensus:opencensus-api": {
            "locked": "0.11.0",
            "transitive": [
                "io.grpc:grpc-core",
                "io.opencensus:opencensus-contrib-grpc-metrics"
            ]
        },
        "io.opencensus:opencensus-contrib-grpc-metrics": {
            "locked": "0.11.0",
            "transitive": [
                "io.grpc:grpc-core"
            ]
        },
        "org.slf4j:slf4j-api": {
            "locked": "1.7.0",
            "requested": "1.7.0"
        }
    },
    "compileClasspath": {
        "com.google.api.grpc:proto-google-common-protos": {
            "locked": "1.0.0",
            "transitive": [
                "io.grpc:grpc-protobuf"
            ]
        },
        "com.google.code.findbugs:jsr305": {
            "locked": "3.0.0",
            "transitive": [
                "io.grpc:grpc-core"
            ]
        },
        "com.google.code.gson:gson": {
            "locked": "2.7",
            "transitive": [
                "com.google.protobuf:protobuf-java-util",
                "io.grpc:grpc-core"
            ]
        },
        "com.google.errorprone:error_prone_annotations": {
            "locked": "2.1.2",
            "transitive": [
                "io.grpc:grpc-core"
            ]
        },
        "com.google.guava:guava": {
            "locked": "19.0",
            "transitive": [
                "com.google.protobuf:protobuf-java-util",
                "io.grpc:grpc-core",
                "io.grpc:grpc-protobuf",
                "io.grpc:grpc-protobuf-lite",
                "io.opencensus:opencensus-api"
            ]
        },
        "com.google.protobuf:protobuf-java": {
            "locked": "3.5.1",
            "requested": "3.5.+",
            "transitive": [
                "com.google.protobuf:protobuf-java-util",
                "io.grpc:grpc-protobuf"
            ]
        },
        "com.google.protobuf:protobuf-java-util": {
            "locked": "3.5.1",
            "transitive": [
                "io.grpc:grpc-protobuf"
            ]
        },
        "io.grpc:grpc-context": {
            "locked": "1.10.1",
            "transitive": [
                "io.grpc:grpc-core"
            ]
        },
        "io.grpc:grpc-core": {
            "locked": "1.10.1",
            "transitive": [
                "io.grpc:grpc-protobuf",
                "io.grpc:grpc-protobuf-lite",
                "io.grpc:grpc-stub"
            ]
        },
        "io.grpc:grpc-protobuf": {
            "locked": "1.10.1",
            "requested": "1.10.+"
        },
        "io.grpc:grpc-protobuf-lite": {
            "locked": "1.10.1",
            "transitive": [
                "io.grpc:grpc-protobuf"
            ]
        },
        "io.grpc:grpc-stub": {
            "locked": "1.10.1",
            "requested": "1.10.+"
        },
        "io.opencensus:opencensus-api": {
            "locked": "0.11.0",
            "transitive": [
                "io.grpc:grpc-core",
                "io.opencensus:opencensus-contrib-grpc-metrics"
            ]
        },
        "io.opencensus:opencensus-contrib-grpc-metrics": {
            "locked": "0.11.0",
            "transitive": [
                "io.grpc:grpc-core"
            ]
        },
        "org.slf4j:slf4j-api": {
            "locked": "1.7.0",
            "requested": "1.7.0"
        }
    },
    "default": {
        "com.google.api.grpc:proto-google-common-protos": {
            "locked": "1.0.0",
            "transitive": [
                "io.grpc:grpc-protobuf"
            ]
        },
        "com.google.code.findbugs:jsr305": {
            "locked": "3.0.0",
            "transitive": [
                "io.grpc:grpc-core"
            ]
        },
        "com.google.code.gson:gson": {
            "locked": "2.7",
            "transitive": [
                "com.google.protobuf:protobuf-java-util",
                "io.grpc:grpc-core"
            ]
        },
        "com.google.errorprone:error_prone_annotations": {
            "locked": "2.1.2",
            "transitive": [
                "io.grpc:grpc-core"
            ]
        },
        "com.google.guava:guava": {
            "locked": "19.0",
            "transitive": [
                "com.google.protobuf:protobuf-java-util",
                "io.grpc:grpc-core",
                "io.grpc:grpc-protobuf",
                "io.grpc:grpc-protobuf-lite",
                "io.opencensus:opencensus-api"
            ]
        },
        "com.google.protobuf:protobuf-java": {
            "locked": "3.5.1",
            "requested": "3.5.+",
            "transitive": [
                "com.google.protobuf:protobuf-java-util",
                "io.grpc:grpc-protobuf"
            ]
        },
        "com.google.protobuf:protobuf-java-util": {
            "locked": "3.5.1",
            "transitive": [
                "io.grpc:grpc-protobuf"
            ]
        },
        "io.grpc:grpc-context": {
            "locked": "1.10.1",
            "transitive": [
                "io.grpc:grpc-core"
            ]
        },
        "io.grpc:grpc-core": {
            "locked": "1.10.1",
            "transitive": [
                "io.grpc:grpc-protobuf",
                "io.grpc:grpc-protobuf-lite",
                "io.grpc:grpc-stub"
            ]
        },
        "io.grpc:grpc-protobuf": {
            "locked": "1.10.1",
            "requested": "1.10.+"
        },
        "io.grpc:grpc-protobuf-lite": {
            "locked": "1.10.1",
            "transitive": [
                "io.grpc:grpc-protobuf"
            ]
        },
        "io.grpc:grpc-stub": {
            "locked": "1.10.1",
            "requested": "1.10.+"
        },
        "io.opencensus:opencensus-api": {
            "locked": "0.11.0",
            "transitive": [
                "io.grpc:grpc-core",
                "io.opencensus:opencensus-contrib-grpc-metrics"
            ]
        },
        "io.opencensus:opencensus-contrib-grpc-metrics": {
            "locked": "0.11.0",
            "transitive": [
                "io.grpc:grpc-core"
            ]
        },
        "log4j:log4j": {
            "locked": "1.2.17",
            "transitive": [
                "org.slf4j:slf4j-log4j12"
            ]
        },
        "org.slf4j:slf4j-api": {
            "locked": "1.7.0",
            "requested": "1.7.0",
            "transitive": [
                "org.slf4j:slf4j-log4j12"
            ]
        },
        "org.slf4j:slf4j-log4j12": {
            "locked": "1.7.0",
            "requested": "1.7.0"
        }
    },
    "jacocoAgent": {
        "org.jacoco:org.jacoco.agent": {
            "locked": "0.8.0"
        }
    },
    "jacocoAnt": {
        "org.jacoco:org.jacoco.agent": {
            "locked": "0.8.0",
            "transitive": [
                "org.jacoco:org.jacoco.ant"
            ]
        },
        "org.jacoco:org.jacoco.ant": {
            "locked": "0.8.0"
        },
        "org.jacoco:org.jacoco.core": {
            "locked": "0.8.0",
            "transitive": [
                "org.jacoco:org.jacoco.ant",
                "org.jacoco:org.jacoco.report"
            ]
        },
        "org.jacoco:org.jacoco.report": {
            "locked": "0.8.0",
            "transitive": [
                "org.jacoco:org.jacoco.ant"
            ]
        },
        "org.ow2.asm:asm": {
            "locked": "6.0",
            "transitive": [
                "org.jacoco:org.jacoco.core",
                "org.ow2.asm:asm-tree"
            ]
        },
        "org.ow2.asm:asm-analysis": {
            "locked": "6.0",
            "transitive": [
                "org.jacoco:org.jacoco.core"
            ]
        },
        "org.ow2.asm:asm-commons": {
            "locked": "6.0",
            "transitive": [
                "org.jacoco:org.jacoco.core"
            ]
        },
        "org.ow2.asm:asm-tree": {
            "locked": "6.0",
            "transitive": [
                "org.jacoco:org.jacoco.core",
                "org.ow2.asm:asm-analysis",
                "org.ow2.asm:asm-commons",
                "org.ow2.asm:asm-util"
            ]
        },
        "org.ow2.asm:asm-util": {
            "locked": "6.0",
            "transitive": [
                "org.jacoco:org.jacoco.core"
            ]
        }
    },
    "protoPluginDeps": {
        "com.google.protobuf:protoc": {
            "locked": "3.5.1-1",
            "requested": "3.5.+"
        },
        "io.grpc:protoc-gen-grpc-java": {
            "locked": "1.10.1",
            "requested": "1.10.+"
        }
    },
    "protobuf": {
        "com.netflix.titus:titus-api-definitions": {
            "locked": "0.0.1-rc39",
            "requested": "0.0.1-rc+"
        }
    },
    "protobufToolsLocator_grpc": {
        "io.grpc:protoc-gen-grpc-java": {
            "locked": "1.10.1",
            "requested": "1.10.+"
        }
    },
    "protobufToolsLocator_protoc": {
        "com.google.protobuf:protoc": {
            "locked": "3.5.1-1",
            "requested": "3.5.+"
        }
    },
    "runtime": {
        "com.google.api.grpc:proto-google-common-protos": {
            "locked": "1.0.0",
            "transitive": [
                "io.grpc:grpc-protobuf"
            ]
        },
        "com.google.code.findbugs:jsr305": {
            "locked": "3.0.0",
            "transitive": [
                "io.grpc:grpc-core"
            ]
        },
        "com.google.code.gson:gson": {
            "locked": "2.7",
            "transitive": [
                "com.google.protobuf:protobuf-java-util",
                "io.grpc:grpc-core"
            ]
        },
        "com.google.errorprone:error_prone_annotations": {
            "locked": "2.1.2",
            "transitive": [
                "io.grpc:grpc-core"
            ]
        },
        "com.google.guava:guava": {
            "locked": "19.0",
            "transitive": [
                "com.google.protobuf:protobuf-java-util",
                "io.grpc:grpc-core",
                "io.grpc:grpc-protobuf",
                "io.grpc:grpc-protobuf-lite",
                "io.opencensus:opencensus-api"
            ]
        },
        "com.google.protobuf:protobuf-java": {
            "locked": "3.5.1",
            "requested": "3.5.+",
            "transitive": [
                "com.google.protobuf:protobuf-java-util",
                "io.grpc:grpc-protobuf"
            ]
        },
        "com.google.protobuf:protobuf-java-util": {
            "locked": "3.5.1",
            "transitive": [
                "io.grpc:grpc-protobuf"
            ]
        },
        "io.grpc:grpc-context": {
            "locked": "1.10.1",
            "transitive": [
                "io.grpc:grpc-core"
            ]
        },
        "io.grpc:grpc-core": {
            "locked": "1.10.1",
            "transitive": [
                "io.grpc:grpc-protobuf",
                "io.grpc:grpc-protobuf-lite",
                "io.grpc:grpc-stub"
            ]
        },
        "io.grpc:grpc-protobuf": {
            "locked": "1.10.1",
            "requested": "1.10.+"
        },
        "io.grpc:grpc-protobuf-lite": {
            "locked": "1.10.1",
            "transitive": [
                "io.grpc:grpc-protobuf"
            ]
        },
        "io.grpc:grpc-stub": {
            "locked": "1.10.1",
            "requested": "1.10.+"
        },
        "io.opencensus:opencensus-api": {
            "locked": "0.11.0",
            "transitive": [
                "io.grpc:grpc-core",
                "io.opencensus:opencensus-contrib-grpc-metrics"
            ]
        },
        "io.opencensus:opencensus-contrib-grpc-metrics": {
            "locked": "0.11.0",
            "transitive": [
                "io.grpc:grpc-core"
            ]
        },
        "log4j:log4j": {
            "locked": "1.2.17",
            "transitive": [
                "org.slf4j:slf4j-log4j12"
            ]
        },
        "org.slf4j:slf4j-api": {
            "locked": "1.7.0",
            "requested": "1.7.0",
            "transitive": [
                "org.slf4j:slf4j-log4j12"
            ]
        },
        "org.slf4j:slf4j-log4j12": {
            "locked": "1.7.0",
            "requested": "1.7.0"
        }
    },
    "runtimeClasspath": {
        "com.google.api.grpc:proto-google-common-protos": {
            "locked": "1.0.0",
            "transitive": [
                "io.grpc:grpc-protobuf"
            ]
        },
        "com.google.code.findbugs:jsr305": {
            "locked": "3.0.0",
            "transitive": [
                "io.grpc:grpc-core"
            ]
        },
        "com.google.code.gson:gson": {
            "locked": "2.7",
            "transitive": [
                "com.google.protobuf:protobuf-java-util",
                "io.grpc:grpc-core"
            ]
        },
        "com.google.errorprone:error_prone_annotations": {
            "locked": "2.1.2",
            "transitive": [
                "io.grpc:grpc-core"
            ]
        },
        "com.google.guava:guava": {
            "locked": "19.0",
            "transitive": [
                "com.google.protobuf:protobuf-java-util",
                "io.grpc:grpc-core",
                "io.grpc:grpc-protobuf",
                "io.grpc:grpc-protobuf-lite",
                "io.opencensus:opencensus-api"
            ]
        },
        "com.google.protobuf:protobuf-java": {
            "locked": "3.5.1",
            "requested": "3.5.+",
            "transitive": [
                "com.google.protobuf:protobuf-java-util",
                "io.grpc:grpc-protobuf"
            ]
        },
        "com.google.protobuf:protobuf-java-util": {
            "locked": "3.5.1",
            "transitive": [
                "io.grpc:grpc-protobuf"
            ]
        },
        "io.grpc:grpc-context": {
            "locked": "1.10.1",
            "transitive": [
                "io.grpc:grpc-core"
            ]
        },
        "io.grpc:grpc-core": {
            "locked": "1.10.1",
            "transitive": [
                "io.grpc:grpc-protobuf",
                "io.grpc:grpc-protobuf-lite",
                "io.grpc:grpc-stub"
            ]
        },
        "io.grpc:grpc-protobuf": {
            "locked": "1.10.1",
            "requested": "1.10.+"
        },
        "io.grpc:grpc-protobuf-lite": {
            "locked": "1.10.1",
            "transitive": [
                "io.grpc:grpc-protobuf"
            ]
        },
        "io.grpc:grpc-stub": {
            "locked": "1.10.1",
            "requested": "1.10.+"
        },
        "io.opencensus:opencensus-api": {
            "locked": "0.11.0",
            "transitive": [
                "io.grpc:grpc-core",
                "io.opencensus:opencensus-contrib-grpc-metrics"
            ]
        },
        "io.opencensus:opencensus-contrib-grpc-metrics": {
            "locked": "0.11.0",
            "transitive": [
                "io.grpc:grpc-core"
            ]
        },
        "log4j:log4j": {
            "locked": "1.2.17",
            "transitive": [
                "org.slf4j:slf4j-log4j12"
            ]
        },
        "org.slf4j:slf4j-api": {
            "locked": "1.7.0",
            "requested": "1.7.0",
            "transitive": [
                "org.slf4j:slf4j-log4j12"
            ]
        },
        "org.slf4j:slf4j-log4j12": {
            "locked": "1.7.0",
            "requested": "1.7.0"
        }
    },
    "testCompile": {
        "cglib:cglib-nodep": {
            "locked": "3.1",
            "transitive": [
                "com.jayway.awaitility:awaitility"
            ]
        },
        "com.google.api.grpc:proto-google-common-protos": {
            "locked": "1.0.0",
            "transitive": [
                "io.grpc:grpc-protobuf"
            ]
        },
        "com.google.code.findbugs:jsr305": {
            "locked": "3.0.0",
            "transitive": [
                "io.grpc:grpc-core"
            ]
        },
        "com.google.code.gson:gson": {
            "locked": "2.7",
            "transitive": [
                "com.google.protobuf:protobuf-java-util",
                "io.grpc:grpc-core"
            ]
        },
        "com.google.errorprone:error_prone_annotations": {
            "locked": "2.1.2",
            "transitive": [
                "io.grpc:grpc-core"
            ]
        },
        "com.google.guava:guava": {
            "locked": "19.0",
            "transitive": [
                "com.google.protobuf:protobuf-java-util",
                "io.grpc:grpc-core",
                "io.grpc:grpc-protobuf",
                "io.grpc:grpc-protobuf-lite",
                "io.opencensus:opencensus-api"
            ]
        },
        "com.google.protobuf:protobuf-java": {
            "locked": "3.5.1",
            "requested": "3.5.+",
            "transitive": [
                "com.google.protobuf:protobuf-java-util",
                "io.grpc:grpc-protobuf"
            ]
        },
        "com.google.protobuf:protobuf-java-util": {
            "locked": "3.5.1",
            "transitive": [
                "io.grpc:grpc-protobuf"
            ]
        },
        "com.jayway.awaitility:awaitility": {
            "locked": "1.7.0",
            "requested": "1.7.0"
        },
        "io.grpc:grpc-context": {
            "locked": "1.10.1",
            "transitive": [
                "io.grpc:grpc-core"
            ]
        },
        "io.grpc:grpc-core": {
            "locked": "1.10.1",
            "transitive": [
                "io.grpc:grpc-protobuf",
                "io.grpc:grpc-protobuf-lite",
                "io.grpc:grpc-stub"
            ]
        },
        "io.grpc:grpc-protobuf": {
            "locked": "1.10.1",
            "requested": "1.10.+"
        },
        "io.grpc:grpc-protobuf-lite": {
            "locked": "1.10.1",
            "transitive": [
                "io.grpc:grpc-protobuf"
            ]
        },
        "io.grpc:grpc-stub": {
            "locked": "1.10.1",
            "requested": "1.10.+"
        },
        "io.opencensus:opencensus-api": {
            "locked": "0.11.0",
            "transitive": [
                "io.grpc:grpc-core",
                "io.opencensus:opencensus-contrib-grpc-metrics"
            ]
        },
        "io.opencensus:opencensus-contrib-grpc-metrics": {
            "locked": "0.11.0",
            "transitive": [
                "io.grpc:grpc-core"
            ]
        },
        "io.projectreactor:reactor-core": {
            "locked": "3.1.9.RELEASE",
            "transitive": [
                "io.projectreactor:reactor-test"
            ]
        },
        "io.projectreactor:reactor-test": {
            "locked": "3.1.9.RELEASE",
            "requested": "3.1.+"
        },
        "junit:junit-dep": {
            "locked": "4.10",
            "requested": "4.10"
        },
        "net.bytebuddy:byte-buddy": {
            "locked": "1.8.21",
            "transitive": [
                "org.mockito:mockito-core"
            ]
        },
        "net.bytebuddy:byte-buddy-agent": {
            "locked": "1.8.21",
            "transitive": [
                "org.mockito:mockito-core"
            ]
        },
        "org.assertj:assertj-core": {
            "locked": "3.8.0",
            "requested": "3.8.0"
        },
        "org.hamcrest:hamcrest-core": {
            "locked": "1.3",
            "requested": "1.3",
            "transitive": [
                "com.jayway.awaitility:awaitility",
                "junit:junit-dep",
                "org.hamcrest:hamcrest-library"
            ]
        },
        "org.hamcrest:hamcrest-library": {
            "locked": "1.3",
            "transitive": [
                "com.jayway.awaitility:awaitility"
            ]
        },
        "org.mockito:mockito-core": {
            "locked": "2.22.0",
            "requested": "2.+"
        },
        "org.objenesis:objenesis": {
            "locked": "2.6",
            "transitive": [
                "com.jayway.awaitility:awaitility",
                "org.mockito:mockito-core"
            ]
        },
        "org.reactivestreams:reactive-streams": {
            "locked": "1.0.2",
            "transitive": [
                "io.projectreactor:reactor-core"
            ]
        },
        "org.slf4j:slf4j-api": {
            "locked": "1.7.0",
            "requested": "1.7.0"
        }
    },
    "testCompileClasspath": {
        "cglib:cglib-nodep": {
            "locked": "3.1",
            "transitive": [
                "com.jayway.awaitility:awaitility"
            ]
        },
        "com.google.api.grpc:proto-google-common-protos": {
            "locked": "1.0.0",
            "transitive": [
                "io.grpc:grpc-protobuf"
            ]
        },
        "com.google.code.findbugs:jsr305": {
            "locked": "3.0.0",
            "transitive": [
                "io.grpc:grpc-core"
            ]
        },
        "com.google.code.gson:gson": {
            "locked": "2.7",
            "transitive": [
                "com.google.protobuf:protobuf-java-util",
                "io.grpc:grpc-core"
            ]
        },
        "com.google.errorprone:error_prone_annotations": {
            "locked": "2.1.2",
            "transitive": [
                "io.grpc:grpc-core"
            ]
        },
        "com.google.guava:guava": {
            "locked": "19.0",
            "transitive": [
                "com.google.protobuf:protobuf-java-util",
                "io.grpc:grpc-core",
                "io.grpc:grpc-protobuf",
                "io.grpc:grpc-protobuf-lite",
                "io.opencensus:opencensus-api"
            ]
        },
        "com.google.protobuf:protobuf-java": {
            "locked": "3.5.1",
            "requested": "3.5.+",
            "transitive": [
                "com.google.protobuf:protobuf-java-util",
                "io.grpc:grpc-protobuf"
            ]
        },
        "com.google.protobuf:protobuf-java-util": {
            "locked": "3.5.1",
            "transitive": [
                "io.grpc:grpc-protobuf"
            ]
        },
        "com.jayway.awaitility:awaitility": {
            "locked": "1.7.0",
            "requested": "1.7.0"
        },
        "io.grpc:grpc-context": {
            "locked": "1.10.1",
            "transitive": [
                "io.grpc:grpc-core"
            ]
        },
        "io.grpc:grpc-core": {
            "locked": "1.10.1",
            "transitive": [
                "io.grpc:grpc-protobuf",
                "io.grpc:grpc-protobuf-lite",
                "io.grpc:grpc-stub"
            ]
        },
        "io.grpc:grpc-protobuf": {
            "locked": "1.10.1",
            "requested": "1.10.+"
        },
        "io.grpc:grpc-protobuf-lite": {
            "locked": "1.10.1",
            "transitive": [
                "io.grpc:grpc-protobuf"
            ]
        },
        "io.grpc:grpc-stub": {
            "locked": "1.10.1",
            "requested": "1.10.+"
        },
        "io.opencensus:opencensus-api": {
            "locked": "0.11.0",
            "transitive": [
                "io.grpc:grpc-core",
                "io.opencensus:opencensus-contrib-grpc-metrics"
            ]
        },
        "io.opencensus:opencensus-contrib-grpc-metrics": {
            "locked": "0.11.0",
            "transitive": [
                "io.grpc:grpc-core"
            ]
        },
        "io.projectreactor:reactor-core": {
            "locked": "3.1.9.RELEASE",
            "transitive": [
                "io.projectreactor:reactor-test"
            ]
        },
        "io.projectreactor:reactor-test": {
            "locked": "3.1.9.RELEASE",
            "requested": "3.1.+"
        },
        "junit:junit-dep": {
            "locked": "4.10",
            "requested": "4.10"
        },
        "net.bytebuddy:byte-buddy": {
            "locked": "1.8.21",
            "transitive": [
                "org.mockito:mockito-core"
            ]
        },
        "net.bytebuddy:byte-buddy-agent": {
            "locked": "1.8.21",
            "transitive": [
                "org.mockito:mockito-core"
            ]
        },
        "org.assertj:assertj-core": {
            "locked": "3.8.0",
            "requested": "3.8.0"
        },
        "org.hamcrest:hamcrest-core": {
            "locked": "1.3",
            "requested": "1.3",
            "transitive": [
                "com.jayway.awaitility:awaitility",
                "junit:junit-dep",
                "org.hamcrest:hamcrest-library"
            ]
        },
        "org.hamcrest:hamcrest-library": {
            "locked": "1.3",
            "transitive": [
                "com.jayway.awaitility:awaitility"
            ]
        },
        "org.mockito:mockito-core": {
            "locked": "2.22.0",
            "requested": "2.+"
        },
        "org.objenesis:objenesis": {
            "locked": "2.6",
            "transitive": [
                "com.jayway.awaitility:awaitility",
                "org.mockito:mockito-core"
            ]
        },
        "org.reactivestreams:reactive-streams": {
            "locked": "1.0.2",
            "transitive": [
                "io.projectreactor:reactor-core"
            ]
        },
        "org.slf4j:slf4j-api": {
            "locked": "1.7.0",
            "requested": "1.7.0"
        }
    },
    "testRuntime": {
        "cglib:cglib-nodep": {
            "locked": "3.1",
            "transitive": [
                "com.jayway.awaitility:awaitility"
            ]
        },
        "com.google.api.grpc:proto-google-common-protos": {
            "locked": "1.0.0",
            "transitive": [
                "io.grpc:grpc-protobuf"
            ]
        },
        "com.google.code.findbugs:jsr305": {
            "locked": "3.0.0",
            "transitive": [
                "io.grpc:grpc-core"
            ]
        },
        "com.google.code.gson:gson": {
            "locked": "2.7",
            "transitive": [
                "com.google.protobuf:protobuf-java-util",
                "io.grpc:grpc-core"
            ]
        },
        "com.google.errorprone:error_prone_annotations": {
            "locked": "2.1.2",
            "transitive": [
                "io.grpc:grpc-core"
            ]
        },
        "com.google.guava:guava": {
            "locked": "19.0",
            "transitive": [
                "com.google.protobuf:protobuf-java-util",
                "io.grpc:grpc-core",
                "io.grpc:grpc-protobuf",
                "io.grpc:grpc-protobuf-lite",
                "io.opencensus:opencensus-api"
            ]
        },
        "com.google.protobuf:protobuf-java": {
            "locked": "3.5.1",
            "requested": "3.5.+",
            "transitive": [
                "com.google.protobuf:protobuf-java-util",
                "io.grpc:grpc-protobuf"
            ]
        },
        "com.google.protobuf:protobuf-java-util": {
            "locked": "3.5.1",
            "transitive": [
                "io.grpc:grpc-protobuf"
            ]
        },
        "com.jayway.awaitility:awaitility": {
            "locked": "1.7.0",
            "requested": "1.7.0"
        },
        "io.grpc:grpc-context": {
            "locked": "1.10.1",
            "transitive": [
                "io.grpc:grpc-core"
            ]
        },
        "io.grpc:grpc-core": {
            "locked": "1.10.1",
            "transitive": [
                "io.grpc:grpc-protobuf",
                "io.grpc:grpc-protobuf-lite",
                "io.grpc:grpc-stub"
            ]
        },
        "io.grpc:grpc-protobuf": {
            "locked": "1.10.1",
            "requested": "1.10.+"
        },
        "io.grpc:grpc-protobuf-lite": {
            "locked": "1.10.1",
            "transitive": [
                "io.grpc:grpc-protobuf"
            ]
        },
        "io.grpc:grpc-stub": {
            "locked": "1.10.1",
            "requested": "1.10.+"
        },
        "io.opencensus:opencensus-api": {
            "locked": "0.11.0",
            "transitive": [
                "io.grpc:grpc-core",
                "io.opencensus:opencensus-contrib-grpc-metrics"
            ]
        },
        "io.opencensus:opencensus-contrib-grpc-metrics": {
            "locked": "0.11.0",
            "transitive": [
                "io.grpc:grpc-core"
            ]
        },
        "io.projectreactor:reactor-core": {
            "locked": "3.1.9.RELEASE",
            "transitive": [
                "io.projectreactor:reactor-test"
            ]
        },
        "io.projectreactor:reactor-test": {
            "locked": "3.1.9.RELEASE",
            "requested": "3.1.+"
        },
        "junit:junit-dep": {
            "locked": "4.10",
            "requested": "4.10"
        },
        "log4j:log4j": {
            "locked": "1.2.17",
            "transitive": [
                "org.slf4j:slf4j-log4j12"
            ]
        },
        "net.bytebuddy:byte-buddy": {
            "locked": "1.8.21",
            "transitive": [
                "org.mockito:mockito-core"
            ]
        },
        "net.bytebuddy:byte-buddy-agent": {
            "locked": "1.8.21",
            "transitive": [
                "org.mockito:mockito-core"
            ]
        },
        "org.assertj:assertj-core": {
            "locked": "3.8.0",
            "requested": "3.8.0"
        },
        "org.hamcrest:hamcrest-core": {
            "locked": "1.3",
            "requested": "1.3",
            "transitive": [
                "com.jayway.awaitility:awaitility",
                "junit:junit-dep",
                "org.hamcrest:hamcrest-library"
            ]
        },
        "org.hamcrest:hamcrest-library": {
            "locked": "1.3",
            "transitive": [
                "com.jayway.awaitility:awaitility"
            ]
        },
        "org.mockito:mockito-core": {
            "locked": "2.22.0",
            "requested": "2.+"
        },
        "org.objenesis:objenesis": {
            "locked": "2.6",
            "transitive": [
                "com.jayway.awaitility:awaitility",
                "org.mockito:mockito-core"
            ]
        },
        "org.reactivestreams:reactive-streams": {
            "locked": "1.0.2",
            "transitive": [
                "io.projectreactor:reactor-core"
            ]
        },
        "org.slf4j:slf4j-api": {
            "locked": "1.7.0",
            "requested": "1.7.0",
            "transitive": [
                "org.slf4j:slf4j-log4j12"
            ]
        },
        "org.slf4j:slf4j-log4j12": {
            "locked": "1.7.0",
            "requested": "1.7.0"
        }
    },
    "testRuntimeClasspath": {
        "cglib:cglib-nodep": {
            "locked": "3.1",
            "transitive": [
                "com.jayway.awaitility:awaitility"
            ]
        },
        "com.google.api.grpc:proto-google-common-protos": {
            "locked": "1.0.0",
            "transitive": [
                "io.grpc:grpc-protobuf"
            ]
        },
        "com.google.code.findbugs:jsr305": {
            "locked": "3.0.0",
            "transitive": [
                "io.grpc:grpc-core"
            ]
        },
        "com.google.code.gson:gson": {
            "locked": "2.7",
            "transitive": [
                "com.google.protobuf:protobuf-java-util",
                "io.grpc:grpc-core"
            ]
        },
        "com.google.errorprone:error_prone_annotations": {
            "locked": "2.1.2",
            "transitive": [
                "io.grpc:grpc-core"
            ]
        },
        "com.google.guava:guava": {
            "locked": "19.0",
            "transitive": [
                "com.google.protobuf:protobuf-java-util",
                "io.grpc:grpc-core",
                "io.grpc:grpc-protobuf",
                "io.grpc:grpc-protobuf-lite",
                "io.opencensus:opencensus-api"
            ]
        },
        "com.google.protobuf:protobuf-java": {
            "locked": "3.5.1",
            "requested": "3.5.+",
            "transitive": [
                "com.google.protobuf:protobuf-java-util",
                "io.grpc:grpc-protobuf"
            ]
        },
        "com.google.protobuf:protobuf-java-util": {
            "locked": "3.5.1",
            "transitive": [
                "io.grpc:grpc-protobuf"
            ]
        },
        "com.jayway.awaitility:awaitility": {
            "locked": "1.7.0",
            "requested": "1.7.0"
        },
        "io.grpc:grpc-context": {
            "locked": "1.10.1",
            "transitive": [
                "io.grpc:grpc-core"
            ]
        },
        "io.grpc:grpc-core": {
            "locked": "1.10.1",
            "transitive": [
                "io.grpc:grpc-protobuf",
                "io.grpc:grpc-protobuf-lite",
                "io.grpc:grpc-stub"
            ]
        },
        "io.grpc:grpc-protobuf": {
            "locked": "1.10.1",
            "requested": "1.10.+"
        },
        "io.grpc:grpc-protobuf-lite": {
            "locked": "1.10.1",
            "transitive": [
                "io.grpc:grpc-protobuf"
            ]
        },
        "io.grpc:grpc-stub": {
            "locked": "1.10.1",
            "requested": "1.10.+"
        },
        "io.opencensus:opencensus-api": {
            "locked": "0.11.0",
            "transitive": [
                "io.grpc:grpc-core",
                "io.opencensus:opencensus-contrib-grpc-metrics"
            ]
        },
        "io.opencensus:opencensus-contrib-grpc-metrics": {
            "locked": "0.11.0",
            "transitive": [
                "io.grpc:grpc-core"
            ]
        },
        "io.projectreactor:reactor-core": {
            "locked": "3.1.9.RELEASE",
            "transitive": [
                "io.projectreactor:reactor-test"
            ]
        },
        "io.projectreactor:reactor-test": {
            "locked": "3.1.9.RELEASE",
            "requested": "3.1.+"
        },
        "junit:junit-dep": {
            "locked": "4.10",
            "requested": "4.10"
        },
        "log4j:log4j": {
            "locked": "1.2.17",
            "transitive": [
                "org.slf4j:slf4j-log4j12"
            ]
        },
        "net.bytebuddy:byte-buddy": {
            "locked": "1.8.21",
            "transitive": [
                "org.mockito:mockito-core"
            ]
        },
        "net.bytebuddy:byte-buddy-agent": {
            "locked": "1.8.21",
            "transitive": [
                "org.mockito:mockito-core"
            ]
        },
        "org.assertj:assertj-core": {
            "locked": "3.8.0",
            "requested": "3.8.0"
        },
        "org.hamcrest:hamcrest-core": {
            "locked": "1.3",
            "requested": "1.3",
            "transitive": [
                "com.jayway.awaitility:awaitility",
                "junit:junit-dep",
                "org.hamcrest:hamcrest-library"
            ]
        },
        "org.hamcrest:hamcrest-library": {
            "locked": "1.3",
            "transitive": [
                "com.jayway.awaitility:awaitility"
            ]
        },
        "org.mockito:mockito-core": {
            "locked": "2.22.0",
            "requested": "2.+"
        },
        "org.objenesis:objenesis": {
            "locked": "2.6",
            "transitive": [
                "com.jayway.awaitility:awaitility",
                "org.mockito:mockito-core"
            ]
        },
        "org.reactivestreams:reactive-streams": {
            "locked": "1.0.2",
            "transitive": [
                "io.projectreactor:reactor-core"
            ]
        },
        "org.slf4j:slf4j-api": {
            "locked": "1.7.0",
            "requested": "1.7.0",
            "transitive": [
                "org.slf4j:slf4j-log4j12"
            ]
        },
        "org.slf4j:slf4j-log4j12": {
            "locked": "1.7.0",
            "requested": "1.7.0"
        }
    }
}