{
    "compile": {
        "com.google.protobuf:protobuf-java": {
            "locked": "3.3.0",
            "requested": "3.3.+"
        },
        "io.grpc:grpc-protobuf": {
            "locked": "1.3.1",
            "requested": "1.3.+"
        },
        "io.grpc:grpc-stub": {
            "locked": "1.3.1",
            "requested": "1.3.+"
        },
        "org.slf4j:slf4j-api": {
            "locked": "1.7.0",
            "requested": "1.7.0"
        }
    },
    "compileClasspath": {
        "com.google.protobuf:protobuf-java": {
            "locked": "3.3.0",
            "requested": "3.3.+"
        },
        "io.grpc:grpc-protobuf": {
            "locked": "1.3.1",
            "requested": "1.3.+"
        },
        "io.grpc:grpc-stub": {
            "locked": "1.3.1",
            "requested": "1.3.+"
        },
        "org.slf4j:slf4j-api": {
            "locked": "1.7.0",
            "requested": "1.7.0"
        }
    },
    "default": {
        "com.google.protobuf:protobuf-java": {
            "locked": "3.3.0",
            "requested": "3.3.+"
        },
        "io.grpc:grpc-protobuf": {
            "locked": "1.3.1",
            "requested": "1.3.+"
        },
        "io.grpc:grpc-stub": {
            "locked": "1.3.1",
            "requested": "1.3.+"
        },
        "org.slf4j:slf4j-api": {
            "locked": "1.7.0",
            "requested": "1.7.0"
        },
        "org.slf4j:slf4j-log4j12": {
            "locked": "1.7.0",
            "requested": "1.7.0"
        }
    },
    "jacocoAgent": {
        "org.jacoco:org.jacoco.agent": {
            "locked": "0.7.8"
        }
    },
    "jacocoAnt": {
        "org.jacoco:org.jacoco.ant": {
            "locked": "0.7.8"
        }
    },
    "protoPluginDeps": {
        "com.google.protobuf:protoc": {
            "locked": "3.3.0",
            "requested": "3.3.+"
        },
        "io.grpc:protoc-gen-grpc-java": {
            "locked": "1.3.1",
            "requested": "1.3.+"
        }
    },
    "protobuf": {
        "com.netflix:titus-api-definitions": {
            "locked": "0.0.1-rc12",
            "requested": "0.0.1-rc+"
        }
    },
    "protobufToolsLocator_grpc": {
        "io.grpc:protoc-gen-grpc-java": {
            "locked": "1.0.1",
            "requested": "1.0.1"
        }
    },
    "protobufToolsLocator_protoc": {
        "com.google.protobuf:protoc": {
            "locked": "3.3.0",
            "requested": "3.3.+"
        }
    },
    "runtime": {
        "com.google.protobuf:protobuf-java": {
            "locked": "3.3.0",
            "requested": "3.3.+"
        },
        "io.grpc:grpc-protobuf": {
            "locked": "1.3.1",
            "requested": "1.3.+"
        },
        "io.grpc:grpc-stub": {
            "locked": "1.3.1",
            "requested": "1.3.+"
        },
        "org.slf4j:slf4j-api": {
            "locked": "1.7.0",
            "requested": "1.7.0"
        },
        "org.slf4j:slf4j-log4j12": {
            "locked": "1.7.0",
            "requested": "1.7.0"
        }
    },
    "runtimeClasspath": {
        "com.google.protobuf:protobuf-java": {
            "locked": "3.3.0",
            "requested": "3.3.+"
        },
        "io.grpc:grpc-protobuf": {
            "locked": "1.3.1",
            "requested": "1.3.+"
        },
        "io.grpc:grpc-stub": {
            "locked": "1.3.1",
            "requested": "1.3.+"
        },
        "org.slf4j:slf4j-api": {
            "locked": "1.7.0",
            "requested": "1.7.0"
        },
        "org.slf4j:slf4j-log4j12": {
            "locked": "1.7.0",
            "requested": "1.7.0"
        }
    },
    "testCompile": {
        "com.google.protobuf:protobuf-java": {
            "locked": "3.3.0",
            "requested": "3.3.+"
        },
        "com.jayway.awaitility:awaitility": {
            "locked": "1.7.0",
            "requested": "1.7.0"
        },
        "io.grpc:grpc-protobuf": {
            "locked": "1.3.1",
            "requested": "1.3.+"
        },
        "io.grpc:grpc-stub": {
            "locked": "1.3.1",
            "requested": "1.3.+"
        },
        "junit:junit-dep": {
            "locked": "4.10",
            "requested": "4.10"
        },
        "org.assertj:assertj-core": {
            "locked": "3.4.1",
            "requested": "3.4.1"
        },
        "org.hamcrest:hamcrest-core": {
            "locked": "1.3",
            "requested": "1.3"
        },
        "org.mockito:mockito-core": {
            "locked": "2.12.0",
            "requested": "2.+"
        },
        "org.slf4j:slf4j-api": {
            "locked": "1.7.0",
            "requested": "1.7.0"
        }
    },
    "testCompileClasspath": {
        "com.google.protobuf:protobuf-java": {
            "locked": "3.3.0",
            "requested": "3.3.+"
        },
        "com.jayway.awaitility:awaitility": {
            "locked": "1.7.0",
            "requested": "1.7.0"
        },
        "io.grpc:grpc-protobuf": {
            "locked": "1.3.1",
            "requested": "1.3.+"
        },
        "io.grpc:grpc-stub": {
            "locked": "1.3.1",
            "requested": "1.3.+"
        },
        "junit:junit-dep": {
            "locked": "4.10",
            "requested": "4.10"
        },
        "org.assertj:assertj-core": {
            "locked": "3.4.1",
            "requested": "3.4.1"
        },
        "org.hamcrest:hamcrest-core": {
            "locked": "1.3",
            "requested": "1.3"
        },
        "org.mockito:mockito-core": {
            "locked": "2.12.0",
            "requested": "2.+"
        },
        "org.slf4j:slf4j-api": {
            "locked": "1.7.0",
            "requested": "1.7.0"
        }
    },
    "testRuntime": {
        "com.google.protobuf:protobuf-java": {
            "locked": "3.3.0",
            "requested": "3.3.+"
        },
        "com.jayway.awaitility:awaitility": {
            "locked": "1.7.0",
            "requested": "1.7.0"
        },
        "io.grpc:grpc-protobuf": {
            "locked": "1.3.1",
            "requested": "1.3.+"
        },
        "io.grpc:grpc-stub": {
            "locked": "1.3.1",
            "requested": "1.3.+"
        },
        "junit:junit-dep": {
            "locked": "4.10",
            "requested": "4.10"
        },
        "org.assertj:assertj-core": {
            "locked": "3.4.1",
            "requested": "3.4.1"
        },
        "org.hamcrest:hamcrest-core": {
            "locked": "1.3",
            "requested": "1.3"
        },
        "org.mockito:mockito-core": {
            "locked": "2.12.0",
            "requested": "2.+"
        },
        "org.slf4j:slf4j-api": {
            "locked": "1.7.0",
            "requested": "1.7.0"
        },
        "org.slf4j:slf4j-log4j12": {
            "locked": "1.7.0",
            "requested": "1.7.0"
        }
    },
    "testRuntimeClasspath": {
        "com.google.protobuf:protobuf-java": {
            "locked": "3.3.0",
            "requested": "3.3.+"
        },
        "com.jayway.awaitility:awaitility": {
            "locked": "1.7.0",
            "requested": "1.7.0"
        },
        "io.grpc:grpc-protobuf": {
            "locked": "1.3.1",
            "requested": "1.3.+"
        },
        "io.grpc:grpc-stub": {
            "locked": "1.3.1",
            "requested": "1.3.+"
        },
        "junit:junit-dep": {
            "locked": "4.10",
            "requested": "4.10"
        },
        "org.assertj:assertj-core": {
            "locked": "3.4.1",
            "requested": "3.4.1"
        },
        "org.hamcrest:hamcrest-core": {
            "locked": "1.3",
            "requested": "1.3"
        },
        "org.mockito:mockito-core": {
            "locked": "2.12.0",
            "requested": "2.+"
        },
        "org.slf4j:slf4j-api": {
            "locked": "1.7.0",
            "requested": "1.7.0"
        },
        "org.slf4j:slf4j-log4j12": {
            "locked": "1.7.0",
            "requested": "1.7.0"
        }
    }
}