# This is a Gradle generated file for dependency locking.
# Manual edits can break the build and are not advised.
# This file is expected to be part of source control.
aopalliance:aopalliance:1.0
cglib:cglib-nodep:3.1
com.fasterxml.jackson.core:jackson-annotations:2.13.1
com.fasterxml.jackson.core:jackson-core:2.13.1
com.fasterxml.jackson.core:jackson-databind:2.13.1
com.fasterxml.jackson.dataformat:jackson-dataformat-yaml:2.13.1
com.fasterxml.jackson.datatype:jackson-datatype-jdk8:2.13.1
com.fasterxml.jackson.datatype:jackson-datatype-jsr310:2.13.1
com.fasterxml.jackson:jackson-bom:2.13.1
com.fasterxml:classmate:1.5.1
com.github.akarnokd:rxjava2-interop:0.13.7
com.github.ben-manes.caffeine:caffeine:2.6.2
com.github.mifmif:generex:1.0.2
com.google.api.grpc:proto-google-common-protos:2.0.1
com.google.code.findbugs:jsr305:3.0.2
com.google.code.gson:gson:2.8.7
com.google.errorprone:error_prone_annotations:2.1.3
com.google.guava:guava:25.1-jre
com.google.inject.extensions:guice-multibindings:4.0
com.google.inject.extensions:guice-servlet:4.1.0
com.google.inject:guice:4.1.0
com.google.j2objc:j2objc-annotations:1.1
com.google.protobuf:protobuf-java-util:3.5.1
com.google.protobuf:protobuf-java:3.17.3
com.google.truth.extensions:truth-liteproto-extension:0.34
com.google.truth.extensions:truth-proto-extension:0.34
com.google.truth:truth:0.34
com.jayway.awaitility:awaitility:1.7.0
com.netflix.archaius:archaius2-api:2.3.16
com.netflix.archaius:archaius2-core:2.3.16
com.netflix.archaius:archaius2-guice:2.3.16
com.netflix.governator:governator-api:1.15.11
com.netflix.governator:governator-core:1.15.11
com.netflix.numerus:numerus:1.1
com.netflix.spectator:spectator-api:0.59.0
com.squareup.okhttp3:logging-interceptor:4.9.1
com.squareup.okhttp3:okhttp:4.9.3
com.squareup.okio:okio:2.8.0
commons-codec:commons-codec:1.15
commons-io:commons-io:2.11.0
dk.brics.automaton:automaton:1.11-8
io.fabric8:kubernetes-client:5.12.2
io.fabric8:kubernetes-model-admissionregistration:5.12.2
io.fabric8:kubernetes-model-apiextensions:5.12.2
io.fabric8:kubernetes-model-apps:5.12.2
io.fabric8:kubernetes-model-autoscaling:5.12.2
io.fabric8:kubernetes-model-batch:5.12.2
io.fabric8:kubernetes-model-certificates:5.12.2
io.fabric8:kubernetes-model-common:5.12.2
io.fabric8:kubernetes-model-coordination:5.12.2
io.fabric8:kubernetes-model-core:5.12.2
io.fabric8:kubernetes-model-discovery:5.12.2
io.fabric8:kubernetes-model-events:5.12.2
io.fabric8:kubernetes-model-extensions:5.12.2
io.fabric8:kubernetes-model-flowcontrol:5.12.2
io.fabric8:kubernetes-model-metrics:5.12.2
io.fabric8:kubernetes-model-networking:5.12.2
io.fabric8:kubernetes-model-node:5.12.2
io.fabric8:kubernetes-model-policy:5.12.2
io.fabric8:kubernetes-model-rbac:5.12.2
io.fabric8:kubernetes-model-scheduling:5.12.2
io.fabric8:kubernetes-model-storageclass:5.12.2
io.fabric8:zjsonpatch:0.3.0
io.grpc:grpc-api:1.39.0
io.grpc:grpc-context:1.39.0
io.grpc:grpc-core:1.39.0
io.grpc:grpc-netty-shaded:1.39.0
io.grpc:grpc-protobuf-lite:1.39.0
io.grpc:grpc-protobuf:1.39.0
io.grpc:grpc-services:1.39.0
io.grpc:grpc-stub:1.39.0
io.grpc:grpc-testing:1.39.0
io.gsonfire:gson-fire:1.8.5
io.kubernetes:client-java-api-fluent:13.0.2
io.kubernetes:client-java-api:13.0.2
io.kubernetes:client-java-proto:13.0.2
io.kubernetes:client-java:13.0.2
io.netty:netty-buffer:4.1.56.Final
io.netty:netty-codec-dns:4.1.56.Final
io.netty:netty-codec-http2:4.1.56.Final
io.netty:netty-codec-http:4.1.56.Final
io.netty:netty-codec-socks:4.1.56.Final
io.netty:netty-codec:4.1.56.Final
io.netty:netty-common:4.1.56.Final
io.netty:netty-handler-proxy:4.1.56.Final
io.netty:netty-handler:4.1.56.Final
io.netty:netty-resolver-dns-native-macos:4.1.56.Final
io.netty:netty-resolver-dns:4.1.56.Final
io.netty:netty-resolver:4.1.56.Final
io.netty:netty-transport-native-epoll:4.1.56.Final
io.netty:netty-transport-native-unix-common:4.1.56.Final
io.netty:netty-transport:4.1.56.Final
io.projectreactor.addons:reactor-adapter:3.3.3.RELEASE
io.projectreactor.netty:reactor-netty-core:1.0.3
io.projectreactor.netty:reactor-netty-http:1.0.3
io.projectreactor.netty:reactor-netty:1.0.3
io.projectreactor:reactor-core:3.4.2
io.projectreactor:reactor-test:3.4.2
io.prometheus:simpleclient:0.11.0
io.prometheus:simpleclient_common:0.11.0
io.prometheus:simpleclient_httpserver:0.11.0
io.prometheus:simpleclient_tracer_common:0.11.0
io.prometheus:simpleclient_tracer_otel:0.11.0
io.prometheus:simpleclient_tracer_otel_agent:0.11.0
io.reactivex.rxjava2:rxjava:2.2.10
io.reactivex:rxjava:1.3.8
io.swagger:swagger-annotations:1.6.2
jakarta.validation:jakarta.validation-api:2.0.2
javax.annotation:javax.annotation-api:1.3.2
javax.el:javax.el-api:3.0.1-b06
javax.inject:javax.inject:1
javax.servlet:javax.servlet-api:3.1.0
javax.ws.rs:jsr311-api:1.1.1
junit:junit-dep:4.11
junit:junit:4.12
log4j:log4j:1.2.17
net.bytebuddy:byte-buddy-agent:1.10.5
net.bytebuddy:byte-buddy:1.10.5
net.java.dev.jna:jna:5.9.0
org.apache.commons:commons-collections4:4.4
org.apache.commons:commons-compress:1.21
org.apache.commons:commons-lang3:3.12.0
org.assertj:assertj-core:3.8.0
org.bitbucket.b_c:jose4j:0.7.8
org.bouncycastle:bcpkix-jdk15on:1.69
org.bouncycastle:bcprov-ext-jdk15on:1.69
org.bouncycastle:bcprov-jdk15on:1.69
org.bouncycastle:bcutil-jdk15on:1.69
org.checkerframework:checker-qual:2.0.0
org.codehaus.mojo:animal-sniffer-annotations:1.14
org.glassfish:javax.el:3.0.1-b12
org.hamcrest:hamcrest-core:1.3
org.hamcrest:hamcrest-library:1.3
org.hdrhistogram:HdrHistogram:2.1.12
org.hibernate.validator:hibernate-validator:6.2.3.Final
org.hibernate:hibernate-validator:6.2.3.Final
org.jboss.logging:jboss-logging:3.4.1.Final
org.jetbrains.kotlin:kotlin-stdlib-common:1.4.10
org.jetbrains.kotlin:kotlin-stdlib-jdk7:1.4.10
org.jetbrains.kotlin:kotlin-stdlib-jdk8:1.4.10
org.jetbrains.kotlin:kotlin-stdlib:1.4.10
org.jetbrains:annotations:13.0
org.mockito:mockito-core:3.3.3
org.objenesis:objenesis:2.6
org.pcollections:pcollections:3.1.4
org.reactivestreams:reactive-streams:1.0.3
org.slf4j:slf4j-api:1.7.33
org.slf4j:slf4j-log4j12:1.7.0
org.springframework.boot:spring-boot-autoconfigure:2.3.6.RELEASE
org.springframework.boot:spring-boot-test-autoconfigure:2.3.6.RELEASE
org.springframework.boot:spring-boot-test:2.3.6.RELEASE
org.springframework.boot:spring-boot:2.3.6.RELEASE
org.springframework.security:spring-security-core:5.3.6.RELEASE
org.springframework.security:spring-security-web:5.3.6.RELEASE
org.springframework:spring-aop:5.2.11.RELEASE
org.springframework:spring-beans:5.2.11.RELEASE
org.springframework:spring-context:5.2.11.RELEASE
org.springframework:spring-core:5.2.11.RELEASE
org.springframework:spring-expression:5.2.11.RELEASE
org.springframework:spring-jcl:5.2.11.RELEASE
org.springframework:spring-test:5.2.11.RELEASE
org.springframework:spring-web:5.2.11.RELEASE
org.springframework:spring-webflux:5.2.11.RELEASE
org.springframework:spring-webmvc:5.2.11.RELEASE
org.xerial.snappy:snappy-java:1.1.8.4
org.yaml:snakeyaml:1.29
