# This is a Gradle generated file for dependency locking.
# Manual edits can break the build and are not advised.
# This file is expected to be part of source control.
com.google.api.grpc:proto-google-common-protos:2.0.1
com.google.code.findbugs:jsr305:3.0.2
com.google.errorprone:error_prone_annotations:2.1.3
com.google.guava:guava:25.1-jre
com.google.j2objc:j2objc-annotations:1.1
com.google.protobuf:protobuf-java:3.17.2
io.grpc:grpc-api:1.39.0
io.grpc:grpc-context:1.39.0
io.grpc:grpc-protobuf-lite:1.39.0
io.grpc:grpc-protobuf:1.39.0
io.grpc:grpc-stub:1.39.0
org.checkerframework:checker-qual:2.0.0
org.codehaus.mojo:animal-sniffer-annotations:1.14
org.slf4j:slf4j-api:1.7.0
